
Microsoft Visual Studio Solution File, Format Version 12.00
# Visual Studio 15
Project("{FAE04EC0-301F-11D3-BF4B-00C04F79EFBC}") = "Assembly-CSharp-Editor", "Assembly-CSharp-Editor.csproj", "{38B36B20-2AEE-97F2-8370-D4A60002F15F}"
EndProject
Project("{FAE04EC0-301F-11D3-BF4B-00C04F79EFBC}") = "Assembly-CSharp", "Assembly-CSharp.csproj", "{9E44759C-8445-F779-8C26-416E6AFD5156}"
EndProject
Global
	GlobalSection(SolutionConfigurationPlatforms) = preSolution
		Debug|Any CPU = Debug|Any CPU
		Release|Any CPU = Release|Any CPU
	EndGlobalSection
	GlobalSection(ProjectConfigurationPlatforms) = postSolution
		{38B36B20-2AEE-97F2-8370-D4A60002F15F}.Debug|Any CPU.ActiveCfg = Debug|Any CPU
		{38B36B20-2AEE-97F2-8370-D4A60002F15F}.Debug|Any CPU.Build.0 = Debug|Any CPU
		{38B36B20-2AEE-97F2-8370-D4A60002F15F}.Release|Any CPU.ActiveCfg = Release|Any CPU
		{38B36B20-2AEE-97F2-8370-D4A60002F15F}.Release|Any CPU.Build.0 = Release|Any CPU
		{9E44759C-8445-F779-8C26-416E6AFD5156}.Debug|Any CPU.ActiveCfg = Debug|Any CPU
		{9E44759C-8445-F779-8C26-416E6AFD5156}.Debug|Any CPU.Build.0 = Debug|Any CPU
		{9E44759C-8445-F779-8C26-416E6AFD5156}.Release|Any CPU.ActiveCfg = Release|Any CPU
		{9E44759C-8445-F779-8C26-416E6AFD5156}.Release|Any CPU.Build.0 = Release|Any CPU
	EndGlobalSection
	GlobalSection(SolutionProperties) = preSolution
		HideSolutionNode = FALSE
	EndGlobalSection
EndGlobal
